
Microsoft Visual Studio Solution File, Format Version 12.00
# Visual Studio Version 17
VisualStudioVersion = 17.2.32602.215
MinimumVisualStudioVersion = 10.0.40219.1
Project("{2150E333-8FDC-42A3-9474-1A3956D46DE8}") = "FrontEnd", "FrontEnd", "{08CADA17-3D3F-4719-8C55-4F7B2DFCD5AE}"
EndProject
Project("{9A19103F-16F7-4668-BE54-9A1E7A4F7556}") = "Restaurant.Web", "Restaurant.Web\Restaurant.Web.csproj", "{86103FAC-4911-4B2B-AF70-5CF08988E58A}"
EndProject
Project("{2150E333-8FDC-42A3-9474-1A3956D46DE8}") = "Services", "Services", "{33F5D725-D5D8-49DA-B58F-144F6599D919}"
EndProject
Project("{9A19103F-16F7-4668-BE54-9A1E7A4F7556}") = "Restaurant.Services.ProductAPI", "Restaurant.Services.ProductAPI\Restaurant.Services.ProductAPI.csproj", "{CAAF6A1E-C361-4381-8DFF-16C23D2D45D6}"
EndProject
Project("{FAE04EC0-301F-11D3-BF4B-00C04F79EFBC}") = "Restaurant.Services.indetity", "Restaurant.Services.indetity\Restaurant.Services.indetity.csproj", "{9F0F9FEB-281D-4D67-8050-BD833D240A53}"
EndProject
Global
	GlobalSection(SolutionConfigurationPlatforms) = preSolution
		Debug|Any CPU = Debug|Any CPU
		Release|Any CPU = Release|Any CPU
	EndGlobalSection
	GlobalSection(ProjectConfigurationPlatforms) = postSolution
		{86103FAC-4911-4B2B-AF70-5CF08988E58A}.Debug|Any CPU.ActiveCfg = Debug|Any CPU
		{86103FAC-4911-4B2B-AF70-5CF08988E58A}.Debug|Any CPU.Build.0 = Debug|Any CPU
		{86103FAC-4911-4B2B-AF70-5CF08988E58A}.Release|Any CPU.ActiveCfg = Release|Any CPU
		{86103FAC-4911-4B2B-AF70-5CF08988E58A}.Release|Any CPU.Build.0 = Release|Any CPU
		{CAAF6A1E-C361-4381-8DFF-16C23D2D45D6}.Debug|Any CPU.ActiveCfg = Debug|Any CPU
		{CAAF6A1E-C361-4381-8DFF-16C23D2D45D6}.Debug|Any CPU.Build.0 = Debug|Any CPU
		{CAAF6A1E-C361-4381-8DFF-16C23D2D45D6}.Release|Any CPU.ActiveCfg = Release|Any CPU
		{CAAF6A1E-C361-4381-8DFF-16C23D2D45D6}.Release|Any CPU.Build.0 = Release|Any CPU
		{9F0F9FEB-281D-4D67-8050-BD833D240A53}.Debug|Any CPU.ActiveCfg = Debug|Any CPU
		{9F0F9FEB-281D-4D67-8050-BD833D240A53}.Debug|Any CPU.Build.0 = Debug|Any CPU
		{9F0F9FEB-281D-4D67-8050-BD833D240A53}.Release|Any CPU.ActiveCfg = Release|Any CPU
		{9F0F9FEB-281D-4D67-8050-BD833D240A53}.Release|Any CPU.Build.0 = Release|Any CPU
	EndGlobalSection
	GlobalSection(SolutionProperties) = preSolution
		HideSolutionNode = FALSE
	EndGlobalSection
	GlobalSection(NestedProjects) = preSolution
		{86103FAC-4911-4B2B-AF70-5CF08988E58A} = {08CADA17-3D3F-4719-8C55-4F7B2DFCD5AE}
		{CAAF6A1E-C361-4381-8DFF-16C23D2D45D6} = {33F5D725-D5D8-49DA-B58F-144F6599D919}
		{9F0F9FEB-281D-4D67-8050-BD833D240A53} = {33F5D725-D5D8-49DA-B58F-144F6599D919}
	EndGlobalSection
	GlobalSection(ExtensibilityGlobals) = postSolution
		SolutionGuid = {E0954D3E-485B-434A-91FE-23AF3F3DB741}
	EndGlobalSection
EndGlobal
